
Microsoft Visual Studio Solution File, Format Version 12.00
# Visual Studio 15
VisualStudioVersion = 15.0.28307.136
MinimumVisualStudioVersion = 10.0.40219.1
Project("{FAE04EC0-301F-11D3-BF4B-00C04F79EFBC}") = "SunkenApp", "SunkenApp\SunkenApp.csproj", "{44E183F7-5B8E-4AC3-AD34-B40910C2646C}"
EndProject
Global
	GlobalSection(SolutionConfigurationPlatforms) = preSolution
		Debug|Any CPU = Debug|Any CPU
		Release|Any CPU = Release|Any CPU
	EndGlobalSection
	GlobalSection(ProjectConfigurationPlatforms) = postSolution
		{44E183F7-5B8E-4AC3-AD34-B40910C2646C}.Debug|Any CPU.ActiveCfg = Debug|Any CPU
		{44E183F7-5B8E-4AC3-AD34-B40910C2646C}.Debug|Any CPU.Build.0 = Debug|Any CPU
		{44E183F7-5B8E-4AC3-AD34-B40910C2646C}.Release|Any CPU.ActiveCfg = Release|Any CPU
		{44E183F7-5B8E-4AC3-AD34-B40910C2646C}.Release|Any CPU.Build.0 = Release|Any CPU
	EndGlobalSection
	GlobalSection(SolutionProperties) = preSolution
		HideSolutionNode = FALSE
	EndGlobalSection
	GlobalSection(ExtensibilityGlobals) = postSolution
		SolutionGuid = {E37D589F-2B83-49DB-85F1-8A7B531DFB65}
	EndGlobalSection
EndGlobal
